
Microsoft Visual Studio Solution File, Format Version 12.00
# Visual Studio Version 16
VisualStudioVersion = 16.0.31005.135
MinimumVisualStudioVersion = 10.0.40219.1
Project("{FAE04EC0-301F-11D3-BF4B-00C04F79EFBC}") = "12MConsulting", "12MConsulting\12MConsulting.csproj", "{BBFC22AD-AEDA-470A-A575-910DCAA0F746}"
EndProject
Global
	GlobalSection(SolutionConfigurationPlatforms) = preSolution
		Debug|Any CPU = Debug|Any CPU
		Release|Any CPU = Release|Any CPU
	EndGlobalSection
	GlobalSection(ProjectConfigurationPlatforms) = postSolution
		{BBFC22AD-AEDA-470A-A575-910DCAA0F746}.Debug|Any CPU.ActiveCfg = Debug|Any CPU
		{BBFC22AD-AEDA-470A-A575-910DCAA0F746}.Debug|Any CPU.Build.0 = Debug|Any CPU
		{BBFC22AD-AEDA-470A-A575-910DCAA0F746}.Release|Any CPU.ActiveCfg = Release|Any CPU
		{BBFC22AD-AEDA-470A-A575-910DCAA0F746}.Release|Any CPU.Build.0 = Release|Any CPU
	EndGlobalSection
	GlobalSection(SolutionProperties) = preSolution
		HideSolutionNode = FALSE
	EndGlobalSection
	GlobalSection(ExtensibilityGlobals) = postSolution
		SolutionGuid = {5401E359-6ED1-4A6A-A9FB-34BCDAD6FD26}
	EndGlobalSection
EndGlobal
